
Microsoft Visual Studio Solution File, Format Version 12.00
# Visual Studio Version 16
VisualStudioVersion = 16.0.28803.352
MinimumVisualStudioVersion = 10.0.40219.1
Project("{9A19103F-16F7-4668-BE54-9A1E7A4F7556}") = "Gandalan.IDAS.WebApi.Data", "Gandalan.IDAS.WebApi.Data\Gandalan.IDAS.WebApi.Data.csproj", "{A0E1AF3C-9F75-4C6C-9947-088843DBBB97}"
EndProject
Project("{9A19103F-16F7-4668-BE54-9A1E7A4F7556}") = "Gandalan.IDAS.WebApi.Client", "Gandalan.IDAS.WebApi.Client\Gandalan.IDAS.WebApi.Client.csproj", "{A35EA672-7E79-4D68-BEEF-A34866ED6E80}"
EndProject
Global
	GlobalSection(SolutionConfigurationPlatforms) = preSolution
		Debug|Any CPU = Debug|Any CPU
		Release|Any CPU = Release|Any CPU
	EndGlobalSection
	GlobalSection(ProjectConfigurationPlatforms) = postSolution
		{A0E1AF3C-9F75-4C6C-9947-088843DBBB97}.Debug|Any CPU.ActiveCfg = Debug|Any CPU
		{A0E1AF3C-9F75-4C6C-9947-088843DBBB97}.Debug|Any CPU.Build.0 = Debug|Any CPU
		{A0E1AF3C-9F75-4C6C-9947-088843DBBB97}.Release|Any CPU.ActiveCfg = Release|Any CPU
		{A0E1AF3C-9F75-4C6C-9947-088843DBBB97}.Release|Any CPU.Build.0 = Release|Any CPU
		{A35EA672-7E79-4D68-BEEF-A34866ED6E80}.Debug|Any CPU.ActiveCfg = Debug|Any CPU
		{A35EA672-7E79-4D68-BEEF-A34866ED6E80}.Debug|Any CPU.Build.0 = Debug|Any CPU
		{A35EA672-7E79-4D68-BEEF-A34866ED6E80}.Release|Any CPU.ActiveCfg = Release|Any CPU
		{A35EA672-7E79-4D68-BEEF-A34866ED6E80}.Release|Any CPU.Build.0 = Release|Any CPU
	EndGlobalSection
	GlobalSection(SolutionProperties) = preSolution
		HideSolutionNode = FALSE
	EndGlobalSection
	GlobalSection(ExtensibilityGlobals) = postSolution
		SolutionGuid = {74BD7AE9-5E45-4BCE-8044-A7A711227883}
	EndGlobalSection
EndGlobal
