{
  "name": "@gandalan/weblibs",
  "version": "0.0.1",
  "lockfileVersion": 2,
  "requires": true,
  "packages": {
    "": {
      "name": "@gandalan/weblibs",
      "version": "0.0.1",
      "license": "ISC",
      "dependencies": {
        "@mdi/js": "^5.9.55",
        "axios": "^0.21.1",
        "uuid": "^8.3.2"
      },
      "devDependencies": {
        "chota": "^0.8.0",
        "svelte": "^3.38.3",
        "svelte-chota": "^1.8.4"
      }
    },
    "node_modules/@mdi/js": {
      "version": "5.9.55",
      "resolved": "https://registry.npmjs.org/@mdi/js/-/js-5.9.55.tgz",
      "integrity": "sha512-BbeHMgeK2/vjdJIRnx12wvQ6s8xAYfvMmEAVsUx9b+7GiQGQ9Za8jpwp17dMKr9CgKRvemlAM4S7S3QOtEbp4A=="
    },
    "node_modules/axios": {
      "version": "0.21.4",
      "resolved": "https://registry.npmjs.org/axios/-/axios-0.21.4.tgz",
      "integrity": "sha512-ut5vewkiu8jjGBdqpM44XxjuCjq9LAKeHVmoVfHVzy8eHgxxq8SbAVQNovDA8mVi05kP0Ea/n/UzcSHcTJQfNg==",
      "dependencies": {
        "follow-redirects": "^1.14.0"
      }
    },
    "node_modules/chota": {
      "version": "0.8.0",
      "resolved": "https://registry.npmjs.org/chota/-/chota-0.8.0.tgz",
      "integrity": "sha512-6Y6MrULPNVup+9i+bFF5mXvifw4/N0AqcTO6VkhRcmRqY0XD2/EKq2kD8y7dX/PJnDq9ruHl2NURlPtGkMSNsg==",
      "dev": true
    },
    "node_modules/follow-redirects": {
      "version": "1.15.0",
      "resolved": "https://registry.npmjs.org/follow-redirects/-/follow-redirects-1.15.0.tgz",
      "integrity": "sha512-aExlJShTV4qOUOL7yF1U5tvLCB0xQuudbf6toyYA0E/acBNw71mvjFTnLaRp50aQaYocMR0a/RMMBIHeZnGyjQ==",
      "funding": [
        {
          "type": "individual",
          "url": "https://github.com/sponsors/RubenVerborgh"
        }
      ],
      "engines": {
        "node": ">=4.0"
      },
      "peerDependenciesMeta": {
        "debug": {
          "optional": true
        }
      }
    },
    "node_modules/svelte": {
      "version": "3.48.0",
      "resolved": "https://registry.npmjs.org/svelte/-/svelte-3.48.0.tgz",
      "integrity": "sha512-fN2YRm/bGumvjUpu6yI3BpvZnpIm9I6A7HR4oUNYd7ggYyIwSA/BX7DJ+UXXffLp6XNcUijyLvttbPVCYa/3xQ==",
      "dev": true,
      "engines": {
        "node": ">= 8"
      }
    },
    "node_modules/svelte-chota": {
      "version": "1.8.6",
      "resolved": "https://registry.npmjs.org/svelte-chota/-/svelte-chota-1.8.6.tgz",
      "integrity": "sha512-lMqvDMcI2Ozyku7QKnn1nN4NuEZy6XF+qMQssLADWX63u78xN8jidQ8QuJpPrSA6JXnC3n4Qu6uRBDS83ZHY8A==",
      "dev": true
    },
    "node_modules/uuid": {
      "version": "8.3.2",
      "resolved": "https://registry.npmjs.org/uuid/-/uuid-8.3.2.tgz",
      "integrity": "sha512-+NYs2QeMWy+GWFOEm9xnn6HCDp0l7QBD7ml8zLUmJ+93Q5NF0NocErnwkTkXVFNiX3/fpC6afS8Dhb/gz7R7eg==",
      "bin": {
        "uuid": "dist/bin/uuid"
      }
    }
  },
  "dependencies": {
    "@mdi/js": {
      "version": "5.9.55",
      "resolved": "https://registry.npmjs.org/@mdi/js/-/js-5.9.55.tgz",
      "integrity": "sha512-BbeHMgeK2/vjdJIRnx12wvQ6s8xAYfvMmEAVsUx9b+7GiQGQ9Za8jpwp17dMKr9CgKRvemlAM4S7S3QOtEbp4A=="
    },
    "axios": {
      "version": "0.21.4",
      "resolved": "https://registry.npmjs.org/axios/-/axios-0.21.4.tgz",
      "integrity": "sha512-ut5vewkiu8jjGBdqpM44XxjuCjq9LAKeHVmoVfHVzy8eHgxxq8SbAVQNovDA8mVi05kP0Ea/n/UzcSHcTJQfNg==",
      "requires": {
        "follow-redirects": "^1.14.0"
      }
    },
    "chota": {
      "version": "0.8.0",
      "resolved": "https://registry.npmjs.org/chota/-/chota-0.8.0.tgz",
      "integrity": "sha512-6Y6MrULPNVup+9i+bFF5mXvifw4/N0AqcTO6VkhRcmRqY0XD2/EKq2kD8y7dX/PJnDq9ruHl2NURlPtGkMSNsg==",
      "dev": true
    },
    "follow-redirects": {
      "version": "1.15.0",
      "resolved": "https://registry.npmjs.org/follow-redirects/-/follow-redirects-1.15.0.tgz",
      "integrity": "sha512-aExlJShTV4qOUOL7yF1U5tvLCB0xQuudbf6toyYA0E/acBNw71mvjFTnLaRp50aQaYocMR0a/RMMBIHeZnGyjQ=="
    },
    "svelte": {
      "version": "3.48.0",
      "resolved": "https://registry.npmjs.org/svelte/-/svelte-3.48.0.tgz",
      "integrity": "sha512-fN2YRm/bGumvjUpu6yI3BpvZnpIm9I6A7HR4oUNYd7ggYyIwSA/BX7DJ+UXXffLp6XNcUijyLvttbPVCYa/3xQ==",
      "dev": true
    },
    "svelte-chota": {
      "version": "1.8.6",
      "resolved": "https://registry.npmjs.org/svelte-chota/-/svelte-chota-1.8.6.tgz",
      "integrity": "sha512-lMqvDMcI2Ozyku7QKnn1nN4NuEZy6XF+qMQssLADWX63u78xN8jidQ8QuJpPrSA6JXnC3n4Qu6uRBDS83ZHY8A==",
      "dev": true
    },
    "uuid": {
      "version": "8.3.2",
      "resolved": "https://registry.npmjs.org/uuid/-/uuid-8.3.2.tgz",
      "integrity": "sha512-+NYs2QeMWy+GWFOEm9xnn6HCDp0l7QBD7ml8zLUmJ+93Q5NF0NocErnwkTkXVFNiX3/fpC6afS8Dhb/gz7R7eg=="
    }
  }
}
